
Microsoft Visual Studio Solution File, Format Version 10.00
# Visual C++ Express 2008
Project("{8BC9CEB8-8B4A-11D0-8D11-00A0C91BC942}") = "LSMASHSource", "LSMASHSourceVC9.vcproj", "{96CDDEDF-3F1B-48DE-9A18-AA7F6A97EF58}"
EndProject
Global
	GlobalSection(SolutionConfigurationPlatforms) = preSolution
		Debug|Win32 = Debug|Win32
		Release|Win32 = Release|Win32
	EndGlobalSection
	GlobalSection(ProjectConfigurationPlatforms) = postSolution
		{96CDDEDF-3F1B-48DE-9A18-AA7F6A97EF58}.Debug|Win32.ActiveCfg = Debug|Win32
		{96CDDEDF-3F1B-48DE-9A18-AA7F6A97EF58}.Debug|Win32.Build.0 = Debug|Win32
		{96CDDEDF-3F1B-48DE-9A18-AA7F6A97EF58}.Release|Win32.ActiveCfg = Release|Win32
		{96CDDEDF-3F1B-48DE-9A18-AA7F6A97EF58}.Release|Win32.Build.0 = Release|Win32
	EndGlobalSection
	GlobalSection(SolutionProperties) = preSolution
		HideSolutionNode = FALSE
	EndGlobalSection
EndGlobal
